
Microsoft Visual Studio Solution File, Format Version 12.00
# Visual Studio 15
VisualStudioVersion = 15.0.26403.7
MinimumVisualStudioVersion = 10.0.40219.1
Project("{FAE04EC0-301F-11D3-BF4B-00C04F79EFBC}") = "InventarioWeb", "InventarioWeb\InventarioWeb.csproj", "{B6D5FDE3-831D-4534-92AC-A974E79170DB}"
EndProject
Project("{FAE04EC0-301F-11D3-BF4B-00C04F79EFBC}") = "CapaDeDatos", "CapaDeDatos\CapaDeDatos.csproj", "{43F4F31F-9C7B-4255-B025-A2AA38713A4A}"
EndProject
Project("{FAE04EC0-301F-11D3-BF4B-00C04F79EFBC}") = "CapaNegociosC", "CapaNegociosC\CapaNegociosC.csproj", "{EC0E31A7-7EEF-4D93-A205-7C09C0517F21}"
EndProject
Project("{FAE04EC0-301F-11D3-BF4B-00C04F79EFBC}") = "Entidades", "Entidades\Entidades.csproj", "{77F49CCC-BFBE-4072-9FAF-91A25A9F8157}"
EndProject
Global
	GlobalSection(SolutionConfigurationPlatforms) = preSolution
		Debug|Any CPU = Debug|Any CPU
		Release|Any CPU = Release|Any CPU
	EndGlobalSection
	GlobalSection(ProjectConfigurationPlatforms) = postSolution
		{B6D5FDE3-831D-4534-92AC-A974E79170DB}.Debug|Any CPU.ActiveCfg = Debug|Any CPU
		{B6D5FDE3-831D-4534-92AC-A974E79170DB}.Debug|Any CPU.Build.0 = Debug|Any CPU
		{B6D5FDE3-831D-4534-92AC-A974E79170DB}.Release|Any CPU.ActiveCfg = Release|Any CPU
		{B6D5FDE3-831D-4534-92AC-A974E79170DB}.Release|Any CPU.Build.0 = Release|Any CPU
		{43F4F31F-9C7B-4255-B025-A2AA38713A4A}.Debug|Any CPU.ActiveCfg = Debug|Any CPU
		{43F4F31F-9C7B-4255-B025-A2AA38713A4A}.Debug|Any CPU.Build.0 = Debug|Any CPU
		{43F4F31F-9C7B-4255-B025-A2AA38713A4A}.Release|Any CPU.ActiveCfg = Release|Any CPU
		{43F4F31F-9C7B-4255-B025-A2AA38713A4A}.Release|Any CPU.Build.0 = Release|Any CPU
		{EC0E31A7-7EEF-4D93-A205-7C09C0517F21}.Debug|Any CPU.ActiveCfg = Debug|Any CPU
		{EC0E31A7-7EEF-4D93-A205-7C09C0517F21}.Debug|Any CPU.Build.0 = Debug|Any CPU
		{EC0E31A7-7EEF-4D93-A205-7C09C0517F21}.Release|Any CPU.ActiveCfg = Release|Any CPU
		{EC0E31A7-7EEF-4D93-A205-7C09C0517F21}.Release|Any CPU.Build.0 = Release|Any CPU
		{77F49CCC-BFBE-4072-9FAF-91A25A9F8157}.Debug|Any CPU.ActiveCfg = Debug|Any CPU
		{77F49CCC-BFBE-4072-9FAF-91A25A9F8157}.Debug|Any CPU.Build.0 = Debug|Any CPU
		{77F49CCC-BFBE-4072-9FAF-91A25A9F8157}.Release|Any CPU.ActiveCfg = Release|Any CPU
		{77F49CCC-BFBE-4072-9FAF-91A25A9F8157}.Release|Any CPU.Build.0 = Release|Any CPU
	EndGlobalSection
	GlobalSection(SolutionProperties) = preSolution
		HideSolutionNode = FALSE
	EndGlobalSection
EndGlobal
